// !$*UTF8*$!
{
	archiveVersion = 1;
	classes = {
	};
	objectVersion = 46;
	objects = {

/* Begin PBXBuildFile section */
		93354A031DF846F9001D2279 /* csv.swift in Sources */ = {isa = PBXBuildFile; fileRef = 93354A021DF846F9001D2279 /* csv.swift */; };
		934D85CC1DF5E971007D206B /* AppDelegate.swift in Sources */ = {isa = PBXBuildFile; fileRef = 934D85CB1DF5E971007D206B /* AppDelegate.swift */; };
		934D85CE1DF5E971007D206B /* ViewController.swift in Sources */ = {isa = PBXBuildFile; fileRef = 934D85CD1DF5E971007D206B /* ViewController.swift */; };
		934D85D11DF5E971007D206B /* Main.storyboard in Resources */ = {isa = PBXBuildFile; fileRef = 934D85CF1DF5E971007D206B /* Main.storyboard */; };
		934D85D31DF5E971007D206B /* Assets.xcassets in Resources */ = {isa = PBXBuildFile; fileRef = 934D85D21DF5E971007D206B /* Assets.xcassets */; };
		934D85D61DF5E971007D206B /* LaunchScreen.storyboard in Resources */ = {isa = PBXBuildFile; fileRef = 934D85D41DF5E971007D206B /* LaunchScreen.storyboard */; };
		934D85DE1DF5F0BD007D206B /* pokemon.csv in Resources */ = {isa = PBXBuildFile; fileRef = 934D85DD1DF5F0BD007D206B /* pokemon.csv */; };
		934D85E11DF5F2B9007D206B /* Pokemon.swift in Sources */ = {isa = PBXBuildFile; fileRef = 934D85E01DF5F2B9007D206B /* Pokemon.swift */; };
		934D85E41DF6014A007D206B /* PokeCell.swift in Sources */ = {isa = PBXBuildFile; fileRef = 934D85E31DF6014A007D206B /* PokeCell.swift */; };
/* End PBXBuildFile section */

/* Begin PBXFileReference section */
		93354A021DF846F9001D2279 /* csv.swift */ = {isa = PBXFileReference; fileEncoding = 4; lastKnownFileType = sourcecode.swift; path = csv.swift; sourceTree = "<group>"; };
		934D85C81DF5E971007D206B /* pokedex3.app */ = {isa = PBXFileReference; explicitFileType = wrapper.application; includeInIndex = 0; path = pokedex3.app; sourceTree = BUILT_PRODUCTS_DIR; };
		934D85CB1DF5E971007D206B /* AppDelegate.swift */ = {isa = PBXFileReference; lastKnownFileType = sourcecode.swift; path = AppDelegate.swift; sourceTree = "<group>"; };
		934D85CD1DF5E971007D206B /* ViewController.swift */ = {isa = PBXFileReference; lastKnownFileType = sourcecode.swift; path = ViewController.swift; sourceTree = "<group>"; };
		934D85D01DF5E971007D206B /* Base */ = {isa = PBXFileReference; lastKnownFileType = file.storyboard; name = Base; path = Base.lproj/Main.storyboard; sourceTree = "<group>"; };
		934D85D21DF5E971007D206B /* Assets.xcassets */ = {isa = PBXFileReference; lastKnownFileType = folder.assetcatalog; path = Assets.xcassets; sourceTree = "<group>"; };
		934D85D51DF5E971007D206B /* Base */ = {isa = PBXFileReference; lastKnownFileType = file.storyboard; name = Base; path = Base.lproj/LaunchScreen.storyboard; sourceTree = "<group>"; };
		934D85D71DF5E971007D206B /* Info.plist */ = {isa = PBXFileReference; lastKnownFileType = text.plist.xml; path = Info.plist; sourceTree = "<group>"; };
		934D85DD1DF5F0BD007D206B /* pokemon.csv */ = {isa = PBXFileReference; fileEncoding = 4; lastKnownFileType = text; path = pokemon.csv; sourceTree = "<group>"; };
		934D85E01DF5F2B9007D206B /* Pokemon.swift */ = {isa = PBXFileReference; fileEncoding = 4; lastKnownFileType = sourcecode.swift; path = Pokemon.swift; sourceTree = "<group>"; };
		934D85E31DF6014A007D206B /* PokeCell.swift */ = {isa = PBXFileReference; fileEncoding = 4; lastKnownFileType = sourcecode.swift; path = PokeCell.swift; sourceTree = "<group>"; };
/* End PBXFileReference section */

/* Begin PBXFrameworksBuildPhase section */
		934D85C51DF5E971007D206B /* Frameworks */ = {
			isa = PBXFrameworksBuildPhase;
			buildActionMask = 2147483647;
			files = (
			);
			runOnlyForDeploymentPostprocessing = 0;
		};
/* End PBXFrameworksBuildPhase section */

/* Begin PBXGroup section */
		934D85BF1DF5E971007D206B = {
			isa = PBXGroup;
			children = (
				934D85CA1DF5E971007D206B /* pokedex3 */,
				934D85C91DF5E971007D206B /* Products */,
			);
			sourceTree = "<group>";
		};
		934D85C91DF5E971007D206B /* Products */ = {
			isa = PBXGroup;
			children = (
				934D85C81DF5E971007D206B /* pokedex3.app */,
			);
			name = Products;
			sourceTree = "<group>";
		};
		934D85CA1DF5E971007D206B /* pokedex3 */ = {
			isa = PBXGroup;
			children = (
				934D85E21DF600E4007D206B /* View */,
				934D85DF1DF5F279007D206B /* Model */,
				934D85CB1DF5E971007D206B /* AppDelegate.swift */,
				934D85CD1DF5E971007D206B /* ViewController.swift */,
				934D85CF1DF5E971007D206B /* Main.storyboard */,
				934D85D21DF5E971007D206B /* Assets.xcassets */,
				934D85DD1DF5F0BD007D206B /* pokemon.csv */,
				93354A021DF846F9001D2279 /* csv.swift */,
				934D85D41DF5E971007D206B /* LaunchScreen.storyboard */,
				934D85D71DF5E971007D206B /* Info.plist */,
			);
			path = pokedex3;
			sourceTree = "<group>";
		};
		934D85DF1DF5F279007D206B /* Model */ = {
			isa = PBXGroup;
			children = (
				934D85E01DF5F2B9007D206B /* Pokemon.swift */,
			);
			name = Model;
			sourceTree = "<group>";
		};
		934D85E21DF600E4007D206B /* View */ = {
			isa = PBXGroup;
			children = (
				934D85E31DF6014A007D206B /* PokeCell.swift */,
			);
			name = View;
			sourceTree = "<group>";
		};
/* End PBXGroup section */

/* Begin PBXNativeTarget section */
		934D85C71DF5E971007D206B /* pokedex3 */ = {
			isa = PBXNativeTarget;
			buildConfigurationList = 934D85DA1DF5E971007D206B /* Build configuration list for PBXNativeTarget "pokedex3" */;
			buildPhases = (
				934D85C41DF5E971007D206B /* Sources */,
				934D85C51DF5E971007D206B /* Frameworks */,
				934D85C61DF5E971007D206B /* Resources */,
			);
			buildRules = (
			);
			dependencies = (
			);
			name = pokedex3;
			productName = pokedex3;
			productReference = 934D85C81DF5E971007D206B /* pokedex3.app */;
			productType = "com.apple.product-type.application";
		};
/* End PBXNativeTarget section */

/* Begin PBXProject section */
		934D85C01DF5E971007D206B /* Project object */ = {
			isa = PBXProject;
			attributes = {
				LastSwiftUpdateCheck = 0810;
				LastUpgradeCheck = 0810;
				ORGANIZATIONNAME = MarcBits;
				TargetAttributes = {
					934D85C71DF5E971007D206B = {
						CreatedOnToolsVersion = 8.1;
						LastSwiftMigration = 0810;
						ProvisioningStyle = Automatic;
					};
				};
			};
			buildConfigurationList = 934D85C31DF5E971007D206B /* Build configuration list for PBXProject "pokedex3" */;
			compatibilityVersion = "Xcode 3.2";
			developmentRegion = English;
			hasScannedForEncodings = 0;
			knownRegions = (
				en,
				Base,
			);
			mainGroup = 934D85BF1DF5E971007D206B;
			productRefGroup = 934D85C91DF5E971007D206B /* Products */;
			projectDirPath = "";
			projectRoot = "";
			targets = (
				934D85C71DF5E971007D206B /* pokedex3 */,
			);
		};
/* End PBXProject section */

/* Begin PBXResourcesBuildPhase section */
		934D85C61DF5E971007D206B /* Resources */ = {
			isa = PBXResourcesBuildPhase;
			buildActionMask = 2147483647;
			files = (
				934D85D61DF5E971007D206B /* LaunchScreen.storyboard in Resources */,
				934D85D31DF5E971007D206B /* Assets.xcassets in Resources */,
				934D85DE1DF5F0BD007D206B /* pokemon.csv in Resources */,
				934D85D11DF5E971007D206B /* Main.storyboard in Resources */,
			);
			runOnlyForDeploymentPostprocessing = 0;
		};
/* End PBXResourcesBuildPhase section */

/* Begin PBXSourcesBuildPhase section */
		934D85C41DF5E971007D206B /* Sources */ = {
			isa = PBXSourcesBuildPhase;
			buildActionMask = 2147483647;
			files = (
				934D85E41DF6014A007D206B /* PokeCell.swift in Sources */,
				934D85CE1DF5E971007D206B /* ViewController.swift in Sources */,
				934D85CC1DF5E971007D206B /* AppDelegate.swift in Sources */,
				934D85E11DF5F2B9007D206B /* Pokemon.swift in Sources */,
				93354A031DF846F9001D2279 /* csv.swift in Sources */,
			);
			runOnlyForDeploymentPostprocessing = 0;
		};
/* End PBXSourcesBuildPhase section */

/* Begin PBXVariantGroup section */
		934D85CF1DF5E971007D206B /* Main.storyboard */ = {
			isa = PBXVariantGroup;
			children = (
				934D85D01DF5E971007D206B /* Base */,
			);
			name = Main.storyboard;
			sourceTree = "<group>";
		};
		934D85D41DF5E971007D206B /* LaunchScreen.storyboard */ = {
			isa = PBXVariantGroup;
			children = (
				934D85D51DF5E971007D206B /* Base */,
			);
			name = LaunchScreen.storyboard;
			sourceTree = "<group>";
		};
/* End PBXVariantGroup section */

/* Begin XCBuildConfiguration section */
		934D85D81DF5E971007D206B /* Debug */ = {
			isa = XCBuildConfiguration;
			buildSettings = {
				ALWAYS_SEARCH_USER_PATHS = NO;
				CLANG_ANALYZER_NONNULL = YES;
				CLANG_CXX_LANGUAGE_STANDARD = "gnu++0x";
				CLANG_CXX_LIBRARY = "libc++";
				CLANG_ENABLE_MODULES = YES;
				CLANG_ENABLE_OBJC_ARC = YES;
				CLANG_WARN_BOOL_CONVERSION = YES;
				CLANG_WARN_CONSTANT_CONVERSION = YES;
				CLANG_WARN_DIRECT_OBJC_ISA_USAGE = YES_ERROR;
				CLANG_WARN_DOCUMENTATION_COMMENTS = YES;
				CLANG_WARN_EMPTY_BODY = YES;
				CLANG_WARN_ENUM_CONVERSION = YES;
				CLANG_WARN_INFINITE_RECURSION = YES;
				CLANG_WARN_INT_CONVERSION = YES;
				CLANG_WARN_OBJC_ROOT_CLASS = YES_ERROR;
				CLANG_WARN_SUSPICIOUS_MOVES = YES;
				CLANG_WARN_UNREACHABLE_CODE = YES;
				CLANG_WARN__DUPLICATE_METHOD_MATCH = YES;
				"CODE_SIGN_IDENTITY[sdk=iphoneos*]" = "iPhone Developer";
				COPY_PHASE_STRIP = NO;
				DEBUG_INFORMATION_FORMAT = dwarf;
				ENABLE_STRICT_OBJC_MSGSEND = YES;
				ENABLE_TESTABILITY = YES;
				GCC_C_LANGUAGE_STANDARD = gnu99;
				GCC_DYNAMIC_NO_PIC = NO;
				GCC_NO_COMMON_BLOCKS = YES;
				GCC_OPTIMIZATION_LEVEL = 0;
				GCC_PREPROCESSOR_DEFINITIONS = (
					"DEBUG=1",
					"$(inherited)",
				);
				GCC_WARN_64_TO_32_BIT_CONVERSION = YES;
				GCC_WARN_ABOUT_RETURN_TYPE = YES_ERROR;
				GCC_WARN_UNDECLARED_SELECTOR = YES;
				GCC_WARN_UNINITIALIZED_AUTOS = YES_AGGRESSIVE;
				GCC_WARN_UNUSED_FUNCTION = YES;
				GCC_WARN_UNUSED_VARIABLE = YES;
				IPHONEOS_DEPLOYMENT_TARGET = 10.1;
				MTL_ENABLE_DEBUG_INFO = YES;
				ONLY_ACTIVE_ARCH = YES;
				SDKROOT = iphoneos;
				SWIFT_ACTIVE_COMPILATION_CONDITIONS = DEBUG;
				SWIFT_OPTIMIZATION_LEVEL = "-Onone";
			};
			name = Debug;
		};
		934D85D91DF5E971007D206B /* Release */ = {
			isa = XCBuildConfiguration;
			buildSettings = {
				ALWAYS_SEARCH_USER_PATHS = NO;
				CLANG_ANALYZER_NONNULL = YES;
				CLANG_CXX_LANGUAGE_STANDARD = "gnu++0x";
				CLANG_CXX_LIBRARY = "libc++";
				CLANG_ENABLE_MODULES = YES;
				CLANG_ENABLE_OBJC_ARC = YES;
				CLANG_WARN_BOOL_CONVERSION = YES;
				CLANG_WARN_CONSTANT_CONVERSION = YES;
				CLANG_WARN_DIRECT_OBJC_ISA_USAGE = YES_ERROR;
				CLANG_WARN_DOCUMENTATION_COMMENTS = YES;
				CLANG_WARN_EMPTY_BODY = YES;
				CLANG_WARN_ENUM_CONVERSION = YES;
				CLANG_WARN_INFINITE_RECURSION = YES;
				CLANG_WARN_INT_CONVERSION = YES;
				CLANG_WARN_OBJC_ROOT_CLASS = YES_ERROR;
				CLANG_WARN_SUSPICIOUS_MOVES = YES;
				CLANG_WARN_UNREACHABLE_CODE = YES;
				CLANG_WARN__DUPLICATE_METHOD_MATCH = YES;
				"CODE_SIGN_IDENTITY[sdk=iphoneos*]" = "iPhone Developer";
				COPY_PHASE_STRIP = NO;
				DEBUG_INFORMATION_FORMAT = "dwarf-with-dsym";
				ENABLE_NS_ASSERTIONS = NO;
				ENABLE_STRICT_OBJC_MSGSEND = YES;
				GCC_C_LANGUAGE_STANDARD = gnu99;
				GCC_NO_COMMON_BLOCKS = YES;
				GCC_WARN_64_TO_32_BIT_CONVERSION = YES;
				GCC_WARN_ABOUT_RETURN_TYPE = YES_ERROR;
				GCC_WARN_UNDECLARED_SELECTOR = YES;
				GCC_WARN_UNINITIALIZED_AUTOS = YES_AGGRESSIVE;
				GCC_WARN_UNUSED_FUNCTION = YES;
				GCC_WARN_UNUSED_VARIABLE = YES;
				IPHONEOS_DEPLOYMENT_TARGET = 10.1;
				MTL_ENABLE_DEBUG_INFO = NO;
				SDKROOT = iphoneos;
				SWIFT_OPTIMIZATION_LEVEL = "-Owholemodule";
				VALIDATE_PRODUCT = YES;
			};
			name = Release;
		};
		934D85DB1DF5E971007D206B /* Debug */ = {
			isa = XCBuildConfiguration;
			buildSettings = {
				ASSETCATALOG_COMPILER_APPICON_NAME = AppIcon;
				INFOPLIST_FILE = pokedex3/Info.plist;
				LD_RUNPATH_SEARCH_PATHS = "$(inherited) @executable_path/Frameworks";
				PRODUCT_BUNDLE_IDENTIFIER = com.marcbits.pokedex3;
				PRODUCT_NAME = "$(TARGET_NAME)";
				SWIFT_VERSION = 3.0;
			};
			name = Debug;
		};
		934D85DC1DF5E971007D206B /* Release */ = {
			isa = XCBuildConfiguration;
			buildSettings = {
				ASSETCATALOG_COMPILER_APPICON_NAME = AppIcon;
				INFOPLIST_FILE = pokedex3/Info.plist;
				LD_RUNPATH_SEARCH_PATHS = "$(inherited) @executable_path/Frameworks";
				PRODUCT_BUNDLE_IDENTIFIER = com.marcbits.pokedex3;
				PRODUCT_NAME = "$(TARGET_NAME)";
				SWIFT_VERSION = 3.0;
			};
			name = Release;
		};
/* End XCBuildConfiguration section */

/* Begin XCConfigurationList section */
		934D85C31DF5E971007D206B /* Build configuration list for PBXProject "pokedex3" */ = {
			isa = XCConfigurationList;
			buildConfigurations = (
				934D85D81DF5E971007D206B /* Debug */,
				934D85D91DF5E971007D206B /* Release */,
			);
			defaultConfigurationIsVisible = 0;
			defaultConfigurationName = Release;
		};
		934D85DA1DF5E971007D206B /* Build configuration list for PBXNativeTarget "pokedex3" */ = {
			isa = XCConfigurationList;
			buildConfigurations = (
				934D85DB1DF5E971007D206B /* Debug */,
				934D85DC1DF5E971007D206B /* Release */,
			);
			defaultConfigurationIsVisible = 0;
			defaultConfigurationName = Release;
		};
/* End XCConfigurationList section */
	};
	rootObject = 934D85C01DF5E971007D206B /* Project object */;
}
